
Microsoft Visual Studio Solution File, Format Version 12.00
Project("{FAE04EC0-301F-11D3-BF4B-00C04F79EFBC}") = "InformationSystemHZS", "InformationSystemHZS\InformationSystemHZS.csproj", "{C8EA5EEF-8DD5-43B3-98A2-4D6A384B2BDF}"
EndProject
Project("{FAE04EC0-301F-11D3-BF4B-00C04F79EFBC}") = "HomeworkTests", "HomeworkTests\HomeworkTests.csproj", "{D190D42A-3A2A-422B-9917-F75A7B9FEC62}"
EndProject
Global
	GlobalSection(SolutionConfigurationPlatforms) = preSolution
		Debug|Any CPU = Debug|Any CPU
		Release|Any CPU = Release|Any CPU
	EndGlobalSection
	GlobalSection(ProjectConfigurationPlatforms) = postSolution
		{C8EA5EEF-8DD5-43B3-98A2-4D6A384B2BDF}.Debug|Any CPU.ActiveCfg = Debug|Any CPU
		{C8EA5EEF-8DD5-43B3-98A2-4D6A384B2BDF}.Debug|Any CPU.Build.0 = Debug|Any CPU
		{C8EA5EEF-8DD5-43B3-98A2-4D6A384B2BDF}.Release|Any CPU.ActiveCfg = Release|Any CPU
		{C8EA5EEF-8DD5-43B3-98A2-4D6A384B2BDF}.Release|Any CPU.Build.0 = Release|Any CPU
		{D190D42A-3A2A-422B-9917-F75A7B9FEC62}.Debug|Any CPU.ActiveCfg = Debug|Any CPU
		{D190D42A-3A2A-422B-9917-F75A7B9FEC62}.Debug|Any CPU.Build.0 = Debug|Any CPU
		{D190D42A-3A2A-422B-9917-F75A7B9FEC62}.Release|Any CPU.ActiveCfg = Release|Any CPU
		{D190D42A-3A2A-422B-9917-F75A7B9FEC62}.Release|Any CPU.Build.0 = Release|Any CPU
	EndGlobalSection
EndGlobal
